<Solution><Project Path="src/YoungOne.MediaControl.Agent/YoungOne.MediaControl.Agent.csproj"/><Project Path="src/YoungOne.MediaControl.UserUi/YoungOne.MediaControl.UserUi.csproj"/><Project Path="src/YoungOne.MediaControl.AgentCtl/YoungOne.MediaControl.AgentCtl.csproj"/><Project Path="tests/YoungOne.MediaControl.Agent.Tests/YoungOne.MediaControl.Agent.Tests.csproj"/></Solution>